#MicroXplorer Configuration settings - do not modify
Mcu.Family=STM32F4
ProjectManager.MainLocation=Core/Src
PB13.GPIOParameters=GPIO_Label
I2C2.IPParameters=I2C_Mode
SH.S_TIM4_CH2.ConfNb=1
PH0-OSC_IN.Signal=RCC_OSC_IN
Dma.USART3_RX.0.PeriphInc=DMA_PINC_DISABLE
RCC.CortexFreq_Value=168000000
ProjectManager.KeepUserCode=true
Mcu.UserName=STM32F405RGTx
PB10.Mode=I2C
TIM12.ICPolarity_CH1=TIM_INPUTCHANNELPOLARITY_BOTHEDGE
TIM1.IPParameters=Prescaler
RCC.PLLCLKFreq_Value=168000000
PC10.Signal=USART3_TX
RCC.PLLQCLKFreq_Value=84000000
ProjectManager.functionlistsort=1-MX_GPIO_Init-GPIO-false-HAL-true,2-MX_DMA_Init-DMA-false-HAL-true,3-SystemClock_Config-RCC-false-HAL-false,4-MX_I2C2_Init-I2C2-false-HAL-true,5-MX_TIM1_Init-TIM1-false-HAL-true,6-MX_USART3_UART_Init-USART3-false-HAL-true,7-MX_TIM4_Init-TIM4-false-HAL-true,8-MX_TIM12_Init-TIM12-false-HAL-true,9-MX_TIM2_Init-TIM2-false-HAL-true
RCC.RTCFreq_Value=32000
SH.S_TIM4_CH4.ConfNb=1
PB13.GPIO_Label=trig
PB11.Signal=I2C2_SDA
PB13.Signal=GPIO_Output
PC15-OSC32_OUT.GPIO_Label=r_led
PinOutPanel.RotationAngle=0
RCC.SYSCLKSource=RCC_SYSCLKSOURCE_PLLCLK
ProjectManager.StackSize=0x400
Mcu.IP4=SYS
RCC.FCLKCortexFreq_Value=168000000
Mcu.IP5=TIM1
Mcu.IP2=NVIC
NVIC.SVCall_IRQn=true\:0\:0\:false\:false\:true\:false\:false
Mcu.IP3=RCC
Mcu.IP0=DMA
Mcu.IP1=I2C2
TIM1.Prescaler=168-1
Mcu.UserConstants=
Mcu.ThirdPartyNb=0
RCC.HCLKFreq_Value=168000000
Mcu.IPNb=10
RCC.I2SClocksFreq_Value=192000000
TIM2.IPParameters=Prescaler
ProjectManager.PreviousToolchain=STM32CubeIDE
RCC.APB2TimFreq_Value=168000000
PB6.Signal=S_TIM4_CH1
RCC.VcooutputI2S=192000000
Mcu.Pin6=PB13
VP_TIM2_VS_ClockSourceINT.Signal=TIM2_VS_ClockSourceINT
Mcu.Pin7=PB14
Mcu.Pin8=PA13
Mcu.Pin9=PA14
RCC.AHBFreq_Value=168000000
PH0-OSC_IN.Mode=HSE-External-Oscillator
PB13.Locked=true
Mcu.Pin0=PC14-OSC32_IN
Mcu.Pin1=PC15-OSC32_OUT
Mcu.Pin2=PH0-OSC_IN
Mcu.Pin3=PH1-OSC_OUT
Mcu.Pin4=PB10
Mcu.Pin5=PB11
ProjectManager.ProjectBuild=false
RCC.HSE_VALUE=16000000
TIM4.Channel-PWM\ Generation3\ CH3=TIM_CHANNEL_3
NVIC.UsageFault_IRQn=true\:0\:0\:false\:false\:true\:false\:false
Dma.USART3_RX.0.MemDataAlignment=DMA_MDATAALIGN_BYTE
NVIC.DebugMonitor_IRQn=true\:0\:0\:false\:false\:true\:false\:false
PB3.Mode=Trace_Asynchronous_SW
NVIC.SysTick_IRQn=true\:0\:0\:false\:false\:true\:false\:true
ProjectManager.FirmwarePackage=STM32Cube FW_F4 V1.26.1
MxDb.Version=DB.6.0.21
ProjectManager.BackupPrevious=false
RCC.VCOInputFreq_Value=2000000
SH.S_TIM12_CH1.0=TIM12_CH1,Input_Capture1_from_TI1
PA14.Mode=Trace_Asynchronous_SW
File.Version=6
Dma.USART3_RX.0.PeriphDataAlignment=DMA_PDATAALIGN_BYTE
SH.S_TIM4_CH2.0=TIM4_CH2,PWM Generation2 CH2
PB7.Signal=S_TIM4_CH2
Dma.USART3_RX.0.FIFOMode=DMA_FIFOMODE_DISABLE
VP_TIM12_VS_ClockSourceINT.Mode=Internal
NVIC.PendSV_IRQn=true\:0\:0\:false\:false\:true\:false\:false
TIM4.Period=5000
Dma.RequestsNb=1
ProjectManager.HalAssertFull=false
VP_TIM1_VS_ClockSourceINT.Mode=Internal
PC14-OSC32_IN.GPIOParameters=GPIO_Label
ProjectManager.ProjectName=FlightSoftware V0.1
PH1-OSC_OUT.Mode=HSE-External-Oscillator
RCC.MCO2PinFreq_Value=168000000
Dma.USART3_RX.0.Direction=DMA_PERIPH_TO_MEMORY
TIM2.Prescaler=84-1
PB9.Signal=S_TIM4_CH4
Mcu.Package=LQFP64
ProjectManager.ToolChainLocation=
RCC.LSI_VALUE=32000
VP_SYS_VS_Systick.Signal=SYS_VS_Systick
USART3.IPParameters=VirtualMode,Mode
PC11.Mode=Asynchronous
Dma.USART3_RX.0.MemInc=DMA_MINC_ENABLE
RCC.APB2CLKDivider=RCC_HCLK_DIV2
SH.S_TIM4_CH1.0=TIM4_CH1,PWM Generation1 CH1
RCC.APB1TimFreq_Value=84000000
NVIC.BusFault_IRQn=true\:0\:0\:false\:false\:true\:false\:false
PC14-OSC32_IN.GPIO_Label=o_led
PC15-OSC32_OUT.GPIOParameters=GPIO_Label
TIM4.Channel-PWM\ Generation4\ CH4=TIM_CHANNEL_4
Dma.USART3_RX.0.RequestParameters=Instance,Direction,PeriphInc,MemInc,PeriphDataAlignment,MemDataAlignment,Mode,Priority,FIFOMode
Dma.Request0=USART3_RX
I2C2.I2C_Mode=I2C_Fast
ProjectManager.CustomerFirmwarePackage=
PC14-OSC32_IN.Locked=true
Dma.USART3_RX.0.Instance=DMA1_Stream1
RCC.PLLSourceVirtual=RCC_PLLSOURCE_HSE
TIM4.Channel-PWM\ Generation1\ CH1=TIM_CHANNEL_1
SH.S_TIM4_CH1.ConfNb=1
ProjectManager.ProjectFileName=FlightSoftware V0.1.ioc
Mcu.PinsNb=22
ProjectManager.NoMain=false
SH.S_TIM4_CH4.0=TIM4_CH4,PWM Generation4 CH4
PC11.Signal=USART3_RX
PC10.Mode=Asynchronous
ProjectManager.DefaultFWLocation=true
NVIC.DMA1_Stream1_IRQn=true\:0\:0\:false\:false\:true\:false\:true
ProjectManager.DeletePrevious=true
PB14.Locked=true
RCC.APB1CLKDivider=RCC_HCLK_DIV4
PC14-OSC32_IN.Signal=GPIO_Output
RCC.FamilyName=M
Dma.USART3_RX.0.Mode=DMA_CIRCULAR
PA13.Signal=SYS_JTMS-SWDIO
PC15-OSC32_OUT.Locked=true
PB11.Mode=I2C
VP_TIM4_VS_ClockSourceINT.Signal=TIM4_VS_ClockSourceINT
ProjectManager.TargetToolchain=STM32CubeIDE
TIM4.IPParameters=Channel-PWM Generation1 CH1,Channel-PWM Generation2 CH2,Channel-PWM Generation3 CH3,Channel-PWM Generation4 CH4,Prescaler,Period
NVIC.TIM8_BRK_TIM12_IRQn=true\:0\:0\:false\:false\:true\:true\:true
SH.S_TIM4_CH3.0=TIM4_CH3,PWM Generation3 CH3
VP_TIM1_VS_ClockSourceINT.Signal=TIM1_VS_ClockSourceINT
ProjectManager.RegisterCallBack=
TIM4.Prescaler=84-1
RCC.LSE_VALUE=32768
PC15-OSC32_OUT.Signal=GPIO_Output
PB10.Signal=I2C2_SCL
SH.S_TIM4_CH3.ConfNb=1
RCC.VCOI2SOutputFreq_Value=384000000
TIM12.Prescaler=84-1
PB14.Signal=S_TIM12_CH1
board=custom
RCC.VCOOutputFreq_Value=336000000
ProjectManager.LastFirmware=true
SH.S_TIM12_CH1.ConfNb=1
TIM4.Channel-PWM\ Generation2\ CH2=TIM_CHANNEL_2
RCC.APB2Freq_Value=84000000
MxCube.Version=6.2.1
VP_TIM2_VS_ClockSourceINT.Mode=Internal
VP_TIM12_VS_ClockSourceINT.Signal=TIM12_VS_ClockSourceINT
VP_SYS_VS_Systick.Mode=SysTick
RCC.EthernetFreq_Value=168000000
PH1-OSC_OUT.Signal=RCC_OSC_OUT
NVIC.NonMaskableInt_IRQn=true\:0\:0\:false\:false\:true\:false\:false
PA13.Mode=Trace_Asynchronous_SW
ProjectManager.FreePins=false
RCC.IPParameters=48MHZClocksFreq_Value,AHBFreq_Value,APB1CLKDivider,APB1Freq_Value,APB1TimFreq_Value,APB2CLKDivider,APB2Freq_Value,APB2TimFreq_Value,CortexFreq_Value,EthernetFreq_Value,FCLKCortexFreq_Value,FamilyName,HCLKFreq_Value,HSE_VALUE,HSI_VALUE,I2SClocksFreq_Value,LSE_VALUE,LSI_VALUE,MCO2PinFreq_Value,PLLCLKFreq_Value,PLLM,PLLN,PLLQCLKFreq_Value,PLLSourceVirtual,RTCFreq_Value,RTCHSEDivFreq_Value,SYSCLKFreq_VALUE,SYSCLKSource,VCOI2SOutputFreq_Value,VCOInputFreq_Value,VCOOutputFreq_Value,VcooutputI2S
ProjectManager.AskForMigrate=true
Mcu.Name=STM32F405RGTx
RCC.RTCHSEDivFreq_Value=8000000
ProjectManager.UnderRoot=true
Mcu.IP8=TIM12
Mcu.IP9=USART3
Mcu.IP6=TIM2
Mcu.IP7=TIM4
ProjectManager.CoupleFile=false
RCC.48MHZClocksFreq_Value=84000000
PB3.Signal=SYS_JTDO-SWO
RCC.SYSCLKFreq_VALUE=168000000
TIM12.Channel-Input_Capture1_from_TI1=TIM_CHANNEL_1
Dma.USART3_RX.0.Priority=DMA_PRIORITY_LOW
USART3.Mode=MODE_RX
Mcu.Pin20=VP_TIM4_VS_ClockSourceINT
Mcu.Pin21=VP_TIM12_VS_ClockSourceINT
NVIC.ForceEnableDMAVector=true
KeepUserPlacement=false
USART3.VirtualMode=VM_ASYNC
NVIC.MemoryManagement_IRQn=true\:0\:0\:false\:false\:true\:false\:false
ProjectManager.CompilerOptimize=6
PA14.Signal=SYS_JTCK-SWCLK
ProjectManager.HeapSize=0x200
Mcu.Pin15=PB8
NVIC.HardFault_IRQn=true\:0\:0\:false\:false\:true\:false\:false
Mcu.Pin16=PB9
Mcu.Pin13=PB6
Mcu.Pin14=PB7
Mcu.Pin19=VP_TIM2_VS_ClockSourceINT
ProjectManager.ComputerToolchain=false
Mcu.Pin17=VP_SYS_VS_Systick
RCC.HSI_VALUE=16000000
Mcu.Pin18=VP_TIM1_VS_ClockSourceINT
VP_TIM4_VS_ClockSourceINT.Mode=Internal
NVIC.PriorityGroup=NVIC_PRIORITYGROUP_4
Mcu.Pin11=PC11
Mcu.Pin12=PB3
RCC.PLLM=8
RCC.PLLN=168
Mcu.Pin10=PC10
PB8.Signal=S_TIM4_CH3
RCC.APB1Freq_Value=42000000
TIM12.IPParameters=Prescaler,Channel-Input_Capture1_from_TI1,ICPolarity_CH1
ProjectManager.DeviceId=STM32F405RGTx
ProjectManager.LibraryCopy=1
isbadioc=false
